
Microsoft Visual Studio Solution File, Format Version 11.00
# Visual Studio 2010
Project("{FAE04EC0-301F-11D3-BF4B-00C04F79EFBC}") = "OfflineSiteMonitoringTool.Model", "OfflineSiteMonitoringTool.Model\OfflineSiteMonitoringTool.Model.csproj", "{A082C8A2-C34A-4894-B06F-8057BE4BA162}"
EndProject
Project("{FAE04EC0-301F-11D3-BF4B-00C04F79EFBC}") = "OfflineSiteMonitoringTool.Model.Tests", "OfflineSitesMonitoringTool.Model.Tests\OfflineSiteMonitoringTool.Model.Tests.csproj", "{D7C4DE79-B1CA-45CB-9B7D-504323F18006}"
EndProject
Project("{2150E333-8FDC-42A3-9474-1A3956D46DE8}") = "Solution Items", "Solution Items", "{A7E3C558-8183-494C-83FC-C512EF20B307}"
	ProjectSection(SolutionItems) = preProject
		Local.testsettings = Local.testsettings
		OfflineSiteMonitoringTool.vsmdi = OfflineSiteMonitoringTool.vsmdi
		TraceAndTestImpact.testsettings = TraceAndTestImpact.testsettings
	EndProjectSection
EndProject
Project("{FAE04EC0-301F-11D3-BF4B-00C04F79EFBC}") = "OfflineSiteMonitoringTool.DataAccessLayer", "OfflineSiteMonitoringTool.DataAccessLayer\OfflineSiteMonitoringTool.DataAccessLayer.csproj", "{5C8A09AE-012F-459B-9B54-F3F8B288F239}"
EndProject
Project("{FAE04EC0-301F-11D3-BF4B-00C04F79EFBC}") = "OfflineSiteMonitoringTool.Repository", "OfflineSiteMonitoringTool.Repository\OfflineSiteMonitoringTool.Repository.csproj", "{E53C2AE5-1E50-4139-A73E-41ED6FEDCB8A}"
EndProject
Project("{FAE04EC0-301F-11D3-BF4B-00C04F79EFBC}") = "OfflineSiteMonitoringTool.Repository.Tests", "OfflineSiteMonitoringTool.Repository.Tests\OfflineSiteMonitoringTool.Repository.Tests.csproj", "{A0E6B1E5-AF99-40A2-B143-BA7898DF1520}"
EndProject
Global
	GlobalSection(TestCaseManagementSettings) = postSolution
		CategoryFile = OfflineSiteMonitoringTool.vsmdi
	EndGlobalSection
	GlobalSection(SolutionConfigurationPlatforms) = preSolution
		Debug|Any CPU = Debug|Any CPU
		Release|Any CPU = Release|Any CPU
	EndGlobalSection
	GlobalSection(ProjectConfigurationPlatforms) = postSolution
		{A082C8A2-C34A-4894-B06F-8057BE4BA162}.Debug|Any CPU.ActiveCfg = Debug|Any CPU
		{A082C8A2-C34A-4894-B06F-8057BE4BA162}.Debug|Any CPU.Build.0 = Debug|Any CPU
		{A082C8A2-C34A-4894-B06F-8057BE4BA162}.Release|Any CPU.ActiveCfg = Release|Any CPU
		{A082C8A2-C34A-4894-B06F-8057BE4BA162}.Release|Any CPU.Build.0 = Release|Any CPU
		{D7C4DE79-B1CA-45CB-9B7D-504323F18006}.Debug|Any CPU.ActiveCfg = Debug|Any CPU
		{D7C4DE79-B1CA-45CB-9B7D-504323F18006}.Debug|Any CPU.Build.0 = Debug|Any CPU
		{D7C4DE79-B1CA-45CB-9B7D-504323F18006}.Release|Any CPU.ActiveCfg = Release|Any CPU
		{D7C4DE79-B1CA-45CB-9B7D-504323F18006}.Release|Any CPU.Build.0 = Release|Any CPU
		{5C8A09AE-012F-459B-9B54-F3F8B288F239}.Debug|Any CPU.ActiveCfg = Debug|Any CPU
		{5C8A09AE-012F-459B-9B54-F3F8B288F239}.Debug|Any CPU.Build.0 = Debug|Any CPU
		{5C8A09AE-012F-459B-9B54-F3F8B288F239}.Release|Any CPU.ActiveCfg = Release|Any CPU
		{5C8A09AE-012F-459B-9B54-F3F8B288F239}.Release|Any CPU.Build.0 = Release|Any CPU
		{E53C2AE5-1E50-4139-A73E-41ED6FEDCB8A}.Debug|Any CPU.ActiveCfg = Debug|Any CPU
		{E53C2AE5-1E50-4139-A73E-41ED6FEDCB8A}.Debug|Any CPU.Build.0 = Debug|Any CPU
		{E53C2AE5-1E50-4139-A73E-41ED6FEDCB8A}.Release|Any CPU.ActiveCfg = Release|Any CPU
		{E53C2AE5-1E50-4139-A73E-41ED6FEDCB8A}.Release|Any CPU.Build.0 = Release|Any CPU
		{A0E6B1E5-AF99-40A2-B143-BA7898DF1520}.Debug|Any CPU.ActiveCfg = Debug|Any CPU
		{A0E6B1E5-AF99-40A2-B143-BA7898DF1520}.Debug|Any CPU.Build.0 = Debug|Any CPU
		{A0E6B1E5-AF99-40A2-B143-BA7898DF1520}.Release|Any CPU.ActiveCfg = Release|Any CPU
		{A0E6B1E5-AF99-40A2-B143-BA7898DF1520}.Release|Any CPU.Build.0 = Release|Any CPU
	EndGlobalSection
	GlobalSection(SolutionProperties) = preSolution
		HideSolutionNode = FALSE
	EndGlobalSection
EndGlobal
